
Microsoft Visual Studio Solution File, Format Version 12.00
# Visual Studio Version 17
VisualStudioVersion = 17.0.32014.148
MinimumVisualStudioVersion = 10.0.40219.1
Project("{9A19103F-16F7-4668-BE54-9A1E7A4F7556}") = "MinecraftAuthServer", "MinecraftAuthServer\MinecraftAuthServer.csproj", "{C12227EB-9B41-479E-8C95-60E6D6004D63}"
EndProject
Global
	GlobalSection(SolutionConfigurationPlatforms) = preSolution
		Debug|Any CPU = Debug|Any CPU
		Release|Any CPU = Release|Any CPU
	EndGlobalSection
	GlobalSection(ProjectConfigurationPlatforms) = postSolution
		{C12227EB-9B41-479E-8C95-60E6D6004D63}.Debug|Any CPU.ActiveCfg = Debug|Any CPU
		{C12227EB-9B41-479E-8C95-60E6D6004D63}.Debug|Any CPU.Build.0 = Debug|Any CPU
		{C12227EB-9B41-479E-8C95-60E6D6004D63}.Release|Any CPU.ActiveCfg = Release|Any CPU
		{C12227EB-9B41-479E-8C95-60E6D6004D63}.Release|Any CPU.Build.0 = Release|Any CPU
	EndGlobalSection
	GlobalSection(SolutionProperties) = preSolution
		HideSolutionNode = FALSE
	EndGlobalSection
	GlobalSection(ExtensibilityGlobals) = postSolution
		SolutionGuid = {D0F44E58-7719-44FE-8754-0F2198EAC6D4}
	EndGlobalSection
EndGlobal
